
Microsoft Visual Studio Solution File, Format Version 12.00
# Visual Studio Version 16
VisualStudioVersion = 16.0.29709.97
MinimumVisualStudioVersion = 10.0.40219.1
Project("{FAE04EC0-301F-11D3-BF4B-00C04F79EFBC}") = "SalesWebMvc", "SalesWebMvc\SalesWebMvc.csproj", "{5D234853-0941-4A7C-83EF-21EFD59FD2F8}"
EndProject
Global
	GlobalSection(SolutionConfigurationPlatforms) = preSolution
		Debug|Any CPU = Debug|Any CPU
		Release|Any CPU = Release|Any CPU
	EndGlobalSection
	GlobalSection(ProjectConfigurationPlatforms) = postSolution
		{5D234853-0941-4A7C-83EF-21EFD59FD2F8}.Debug|Any CPU.ActiveCfg = Debug|Any CPU
		{5D234853-0941-4A7C-83EF-21EFD59FD2F8}.Debug|Any CPU.Build.0 = Debug|Any CPU
		{5D234853-0941-4A7C-83EF-21EFD59FD2F8}.Release|Any CPU.ActiveCfg = Release|Any CPU
		{5D234853-0941-4A7C-83EF-21EFD59FD2F8}.Release|Any CPU.Build.0 = Release|Any CPU
	EndGlobalSection
	GlobalSection(SolutionProperties) = preSolution
		HideSolutionNode = FALSE
	EndGlobalSection
	GlobalSection(ExtensibilityGlobals) = postSolution
		SolutionGuid = {A0D8B210-8170-4C27-BEFA-60B8EF8F9CA1}
	EndGlobalSection
EndGlobal
